{
    "pins": [
        {
            "identity" : "swift-package-list",
            "kind" : "remoteSourceControl",
            "location" : "https://github.com/FelixHerrmann/swift-package-list",
            "state" : {
                "revision" : "3a1b45c9e994aebaf47e8c4bd631bd79075f4abb",
                "version" : "1.0.1"
            }
        }
    ],
    "version": 2
}
