{
  "object": {
    "pins": [
      {
        "package": "swift-argument-parser",
        "repositoryURL": "https://github.com/apple/swift-argument-parser",
        "state": {
          "branch": null,
          "revision": "554e7659eb5b4dff97158d531aabecf11d546e2d",
          "version": "1.1.0"
        }
      }
    ]
  },
  "version": 1
}
